
Microsoft Visual Studio Solution File, Format Version 12.00
# Visual Studio Version 16
VisualStudioVersion = 16.0.35931.194
MinimumVisualStudioVersion = 10.0.40219.1
Project("{FAE04EC0-301F-11D3-BF4B-00C04F79EFBC}") = "DjvuSharp", "DjvuSharp\DjvuSharp.csproj", "{561812C2-8132-40D5-AAA5-792220D716AA}"
EndProject
Project("{FAE04EC0-301F-11D3-BF4B-00C04F79EFBC}") = "DjvuSharp.Tests", "DjvuSharp.Tests\DjvuSharp.Tests.csproj", "{D98E91F0-08A1-496F-A2AF-28EA302C940B}"
EndProject
Global
	GlobalSection(SolutionConfigurationPlatforms) = preSolution
		Debug|Any CPU = Debug|Any CPU
		Debug|x64 = Debug|x64
		Release|Any CPU = Release|Any CPU
		Release|x64 = Release|x64
	EndGlobalSection
	GlobalSection(ProjectConfigurationPlatforms) = postSolution
		{561812C2-8132-40D5-AAA5-792220D716AA}.Debug|Any CPU.ActiveCfg = Debug|Any CPU
		{561812C2-8132-40D5-AAA5-792220D716AA}.Debug|Any CPU.Build.0 = Debug|Any CPU
		{561812C2-8132-40D5-AAA5-792220D716AA}.Debug|x64.ActiveCfg = Debug|Any CPU
		{561812C2-8132-40D5-AAA5-792220D716AA}.Debug|x64.Build.0 = Debug|Any CPU
		{561812C2-8132-40D5-AAA5-792220D716AA}.Release|Any CPU.ActiveCfg = Release|Any CPU
		{561812C2-8132-40D5-AAA5-792220D716AA}.Release|Any CPU.Build.0 = Release|Any CPU
		{561812C2-8132-40D5-AAA5-792220D716AA}.Release|x64.ActiveCfg = Release|Any CPU
		{561812C2-8132-40D5-AAA5-792220D716AA}.Release|x64.Build.0 = Release|Any CPU
		{D98E91F0-08A1-496F-A2AF-28EA302C940B}.Debug|Any CPU.ActiveCfg = Debug|Any CPU
		{D98E91F0-08A1-496F-A2AF-28EA302C940B}.Debug|Any CPU.Build.0 = Debug|Any CPU
		{D98E91F0-08A1-496F-A2AF-28EA302C940B}.Debug|x64.ActiveCfg = Debug|Any CPU
		{D98E91F0-08A1-496F-A2AF-28EA302C940B}.Debug|x64.Build.0 = Debug|Any CPU
		{D98E91F0-08A1-496F-A2AF-28EA302C940B}.Release|Any CPU.ActiveCfg = Release|Any CPU
		{D98E91F0-08A1-496F-A2AF-28EA302C940B}.Release|Any CPU.Build.0 = Release|Any CPU
		{D98E91F0-08A1-496F-A2AF-28EA302C940B}.Release|x64.ActiveCfg = Release|Any CPU
		{D98E91F0-08A1-496F-A2AF-28EA302C940B}.Release|x64.Build.0 = Release|Any CPU
	EndGlobalSection
	GlobalSection(SolutionProperties) = preSolution
		HideSolutionNode = FALSE
	EndGlobalSection
	GlobalSection(ExtensibilityGlobals) = postSolution
		SolutionGuid = {A6980D47-542A-4607-9E7A-B8C4DF54DCA0}
	EndGlobalSection
EndGlobal
